Microsoft Visual Studio Solution File, Format Version 11.00
# Visual Studio 2008

Project("{50AE7900-D775-33EF-AD62-678963847298}") = "Comp305-Assignment3-3dGame", "Assembly-CSharp-firstpass.csproj", "{A3CDB739-7BA7-A352-8B5F-AE13C9984489}"
EndProject
Project("{50AE7900-D775-33EF-AD62-678963847298}") = "Comp305-Assignment3-3dGame", "Assembly-CSharp-Editor.csproj", "{67F60D97-17DA-43CE-A877-B8363F323935}"
EndProject
Global
	GlobalSection(SolutionConfigurationPlatforms) = preSolution
		Debug|Any CPU = Debug|Any CPU
		Release|Any CPU = Release|Any CPU
	EndGlobalSection
	GlobalSection(ProjectConfigurationPlatforms) = postSolution
		{A3CDB739-7BA7-A352-8B5F-AE13C9984489}.Debug|Any CPU.ActiveCfg = Debug|Any CPU
		{A3CDB739-7BA7-A352-8B5F-AE13C9984489}.Debug|Any CPU.Build.0 = Debug|Any CPU
		{A3CDB739-7BA7-A352-8B5F-AE13C9984489}.Release|Any CPU.ActiveCfg = Release|Any CPU
		{A3CDB739-7BA7-A352-8B5F-AE13C9984489}.Release|Any CPU.Build.0 = Release|Any CPU
		{67F60D97-17DA-43CE-A877-B8363F323935}.Debug|Any CPU.ActiveCfg = Debug|Any CPU
		{67F60D97-17DA-43CE-A877-B8363F323935}.Debug|Any CPU.Build.0 = Debug|Any CPU
		{67F60D97-17DA-43CE-A877-B8363F323935}.Release|Any CPU.ActiveCfg = Release|Any CPU
		{67F60D97-17DA-43CE-A877-B8363F323935}.Release|Any CPU.Build.0 = Release|Any CPU
	EndGlobalSection
	GlobalSection(SolutionProperties) = preSolution
		HideSolutionNode = FALSE
	EndGlobalSection
	GlobalSection(MonoDevelopProperties) = preSolution
		StartupItem = Assembly-CSharp.csproj
	EndGlobalSection
EndGlobal
